
Microsoft Visual Studio Solution File, Format Version 12.00
# Visual Studio Version 16
VisualStudioVersion = 16.0.31112.23
MinimumVisualStudioVersion = 10.0.40219.1
Project("{FAE04EC0-301F-11D3-BF4B-00C04F79EFBC}") = "COM-Debug-Assistant", "COM-Debug-Assistant.csproj", "{5729A925-CF48-42D0-95C4-954A6CE7BBFB}"
EndProject
Global
	GlobalSection(SolutionConfigurationPlatforms) = preSolution
		Debug|Any CPU = Debug|Any CPU
		Release|Any CPU = Release|Any CPU
	EndGlobalSection
	GlobalSection(ProjectConfigurationPlatforms) = postSolution
		{5729A925-CF48-42D0-95C4-954A6CE7BBFB}.Debug|Any CPU.ActiveCfg = Debug|Any CPU
		{5729A925-CF48-42D0-95C4-954A6CE7BBFB}.Debug|Any CPU.Build.0 = Debug|Any CPU
		{5729A925-CF48-42D0-95C4-954A6CE7BBFB}.Release|Any CPU.ActiveCfg = Release|Any CPU
		{5729A925-CF48-42D0-95C4-954A6CE7BBFB}.Release|Any CPU.Build.0 = Release|Any CPU
	EndGlobalSection
	GlobalSection(SolutionProperties) = preSolution
		HideSolutionNode = FALSE
	EndGlobalSection
	GlobalSection(ExtensibilityGlobals) = postSolution
		SolutionGuid = {7467C342-3BE9-43AA-935F-0EB923873857}
	EndGlobalSection
EndGlobal
